
Microsoft Visual Studio Solution File, Format Version 12.00
# Visual Studio 15
Project("{FAE04EC0-301F-11D3-BF4B-00C04F79EFBC}") = "DistComputingProject", "DistComputingProject\DistComputingProject.csproj", "{7A74ABE0-076E-44A3-BDFE-B88022A86813}"
EndProject
Global
	GlobalSection(SolutionConfigurationPlatforms) = preSolution
		Debug|Any CPU = Debug|Any CPU
		Release|Any CPU = Release|Any CPU
	EndGlobalSection
	GlobalSection(ProjectConfigurationPlatforms) = postSolution
		{7A74ABE0-076E-44A3-BDFE-B88022A86813}.Debug|Any CPU.ActiveCfg = Debug|Any CPU
		{7A74ABE0-076E-44A3-BDFE-B88022A86813}.Debug|Any CPU.Build.0 = Debug|Any CPU
		{7A74ABE0-076E-44A3-BDFE-B88022A86813}.Release|Any CPU.ActiveCfg = Release|Any CPU
		{7A74ABE0-076E-44A3-BDFE-B88022A86813}.Release|Any CPU.Build.0 = Release|Any CPU
	EndGlobalSection
EndGlobal
